{
  "requires": true,
  "lockfileVersion": 1,
  "dependencies": {
    "goober": {
      "version": "2.1.0",
      "resolved": "https://registry.npmjs.org/goober/-/goober-2.1.0.tgz",
      "integrity": "sha512-UdKKZ1boKFaJWlQYlHlp/1jpnrZIkfYWM0zuyQTY7tF9Cs+uHDlQk1kB5vexmZssw4R8iLMjmVUd0wKcaweGfQ=="
    },
    "react-hot-toast": {
      "version": "2.1.1",
      "resolved": "https://registry.npmjs.org/react-hot-toast/-/react-hot-toast-2.1.1.tgz",
      "integrity": "sha512-Odrp4wue0fHh0pOfZt5H+9nWCMtqs3wdlFSzZPp7qsxfzmbE26QmGWIh6hG43CukiPeOjA8WQhBJU8JwtWvWbQ==",
      "requires": {
        "goober": "^2.0.35"
      }
    }
  }
}
